
Microsoft Visual Studio Solution File, Format Version 12.00
# Visual Studio Version 16
VisualStudioVersion = 16.0.31005.135
MinimumVisualStudioVersion = 10.0.40219.1
Project("{9A19103F-16F7-4668-BE54-9A1E7A4F7556}") = "PositionTracking", "PositionTracking\PositionTracking.csproj", "{6EA7A66E-2548-45FE-A9EF-05AE3DA99F16}"
EndProject
Project("{9A19103F-16F7-4668-BE54-9A1E7A4F7556}") = "PositionTracking.Engine", "PositionTracking.Engine\PositionTracking.Engine.csproj", "{2295C55E-DA8C-49AE-AFD6-515AF5D12FA4}"
EndProject
Project("{9A19103F-16F7-4668-BE54-9A1E7A4F7556}") = "PositionTracking.Test", "PositionTracking.Test\PositionTracking.Test.csproj", "{15921D51-62E9-48DB-9C76-81EAE34A97F4}"
EndProject
Project("{9A19103F-16F7-4668-BE54-9A1E7A4F7556}") = "PositionTracking.Data", "PositionTracking.Data\PositionTracking.Data.csproj", "{C02FECBB-8F4F-46D7-8679-8A2C4B86AAEE}"
EndProject
Project("{FAE04EC0-301F-11D3-BF4B-00C04F79EFBC}") = "PositionTracking.WebApi", "PositionTracking.WebApi\PositionTracking.WebApi.csproj", "{64719DA9-7549-4EA9-A6B0-F83F8EBC025E}"
EndProject
Global
	GlobalSection(SolutionConfigurationPlatforms) = preSolution
		Debug|Any CPU = Debug|Any CPU
		Release|Any CPU = Release|Any CPU
	EndGlobalSection
	GlobalSection(ProjectConfigurationPlatforms) = postSolution
		{6EA7A66E-2548-45FE-A9EF-05AE3DA99F16}.Debug|Any CPU.ActiveCfg = Debug|Any CPU
		{6EA7A66E-2548-45FE-A9EF-05AE3DA99F16}.Debug|Any CPU.Build.0 = Debug|Any CPU
		{6EA7A66E-2548-45FE-A9EF-05AE3DA99F16}.Release|Any CPU.ActiveCfg = Release|Any CPU
		{6EA7A66E-2548-45FE-A9EF-05AE3DA99F16}.Release|Any CPU.Build.0 = Release|Any CPU
		{2295C55E-DA8C-49AE-AFD6-515AF5D12FA4}.Debug|Any CPU.ActiveCfg = Debug|Any CPU
		{2295C55E-DA8C-49AE-AFD6-515AF5D12FA4}.Debug|Any CPU.Build.0 = Debug|Any CPU
		{2295C55E-DA8C-49AE-AFD6-515AF5D12FA4}.Release|Any CPU.ActiveCfg = Release|Any CPU
		{2295C55E-DA8C-49AE-AFD6-515AF5D12FA4}.Release|Any CPU.Build.0 = Release|Any CPU
		{15921D51-62E9-48DB-9C76-81EAE34A97F4}.Debug|Any CPU.ActiveCfg = Debug|Any CPU
		{15921D51-62E9-48DB-9C76-81EAE34A97F4}.Debug|Any CPU.Build.0 = Debug|Any CPU
		{15921D51-62E9-48DB-9C76-81EAE34A97F4}.Release|Any CPU.ActiveCfg = Release|Any CPU
		{15921D51-62E9-48DB-9C76-81EAE34A97F4}.Release|Any CPU.Build.0 = Release|Any CPU
		{C02FECBB-8F4F-46D7-8679-8A2C4B86AAEE}.Debug|Any CPU.ActiveCfg = Debug|Any CPU
		{C02FECBB-8F4F-46D7-8679-8A2C4B86AAEE}.Debug|Any CPU.Build.0 = Debug|Any CPU
		{C02FECBB-8F4F-46D7-8679-8A2C4B86AAEE}.Release|Any CPU.ActiveCfg = Release|Any CPU
		{C02FECBB-8F4F-46D7-8679-8A2C4B86AAEE}.Release|Any CPU.Build.0 = Release|Any CPU
		{64719DA9-7549-4EA9-A6B0-F83F8EBC025E}.Debug|Any CPU.ActiveCfg = Debug|Any CPU
		{64719DA9-7549-4EA9-A6B0-F83F8EBC025E}.Debug|Any CPU.Build.0 = Debug|Any CPU
		{64719DA9-7549-4EA9-A6B0-F83F8EBC025E}.Release|Any CPU.ActiveCfg = Release|Any CPU
		{64719DA9-7549-4EA9-A6B0-F83F8EBC025E}.Release|Any CPU.Build.0 = Release|Any CPU
	EndGlobalSection
	GlobalSection(SolutionProperties) = preSolution
		HideSolutionNode = FALSE
	EndGlobalSection
	GlobalSection(ExtensibilityGlobals) = postSolution
		SolutionGuid = {0AFEACCE-A9EF-44C1-80B0-5F4FE33E212B}
	EndGlobalSection
EndGlobal
